
Microsoft Visual Studio Solution File, Format Version 12.00
# Visual Studio 2012
Project("{FAE04EC0-301F-11D3-BF4B-00C04F79EFBC}") = "emos_project", "emos_project\emos_project.csproj", "{90458A8F-0396-4DAE-8134-0E26D7DB124C}"
EndProject
Global
	GlobalSection(SolutionConfigurationPlatforms) = preSolution
		Debug|Any CPU = Debug|Any CPU
		Release|Any CPU = Release|Any CPU
	EndGlobalSection
	GlobalSection(ProjectConfigurationPlatforms) = postSolution
		{90458A8F-0396-4DAE-8134-0E26D7DB124C}.Debug|Any CPU.ActiveCfg = Debug|Any CPU
		{90458A8F-0396-4DAE-8134-0E26D7DB124C}.Debug|Any CPU.Build.0 = Debug|Any CPU
		{90458A8F-0396-4DAE-8134-0E26D7DB124C}.Release|Any CPU.ActiveCfg = Release|Any CPU
		{90458A8F-0396-4DAE-8134-0E26D7DB124C}.Release|Any CPU.Build.0 = Release|Any CPU
	EndGlobalSection
	GlobalSection(SolutionProperties) = preSolution
		HideSolutionNode = FALSE
	EndGlobalSection
EndGlobal
